
Microsoft Visual Studio Solution File, Format Version 12.00
# Visual Studio Version 17
VisualStudioVersion = 17.10.35122.118
MinimumVisualStudioVersion = 10.0.40219.1
Project("{FAE04EC0-301F-11D3-BF4B-00C04F79EFBC}") = "quartet", "quartet\quartet.csproj", "{B580A537-32ED-4813-9811-1EB3B083FBE0}"
EndProject
Global
	GlobalSection(SolutionConfigurationPlatforms) = preSolution
		Debug|Any CPU = Debug|Any CPU
		Release|Any CPU = Release|Any CPU
	EndGlobalSection
	GlobalSection(ProjectConfigurationPlatforms) = postSolution
		{B580A537-32ED-4813-9811-1EB3B083FBE0}.Debug|Any CPU.ActiveCfg = Debug|Any CPU
		{B580A537-32ED-4813-9811-1EB3B083FBE0}.Debug|Any CPU.Build.0 = Debug|Any CPU
		{B580A537-32ED-4813-9811-1EB3B083FBE0}.Release|Any CPU.ActiveCfg = Release|Any CPU
		{B580A537-32ED-4813-9811-1EB3B083FBE0}.Release|Any CPU.Build.0 = Release|Any CPU
	EndGlobalSection
	GlobalSection(SolutionProperties) = preSolution
		HideSolutionNode = FALSE
	EndGlobalSection
	GlobalSection(ExtensibilityGlobals) = postSolution
		SolutionGuid = {CB408BA8-3052-44BB-BF74-16020DCFB336}
	EndGlobalSection
EndGlobal
